
Microsoft Visual Studio Solution File, Format Version 12.00
Project("{FAE04EC0-301F-11D3-BF4B-00C04F79EFBC}") = "TurboCollections", "TurboCollections\TurboCollections.csproj", "{02DC6DF1-4785-4D8E-93D5-4DF8249FBD90}"
EndProject
Project("{FAE04EC0-301F-11D3-BF4B-00C04F79EFBC}") = "CustomerManagement", "CustomerManagement\CustomerManagement.csproj", "{B69D7AC2-4DF5-44EE-BB28-F51CFEB7EC3D}"
EndProject
Global
	GlobalSection(SolutionConfigurationPlatforms) = preSolution
		Debug|Any CPU = Debug|Any CPU
		Release|Any CPU = Release|Any CPU
	EndGlobalSection
	GlobalSection(ProjectConfigurationPlatforms) = postSolution
		{02DC6DF1-4785-4D8E-93D5-4DF8249FBD90}.Debug|Any CPU.ActiveCfg = Debug|Any CPU
		{02DC6DF1-4785-4D8E-93D5-4DF8249FBD90}.Debug|Any CPU.Build.0 = Debug|Any CPU
		{02DC6DF1-4785-4D8E-93D5-4DF8249FBD90}.Release|Any CPU.ActiveCfg = Release|Any CPU
		{02DC6DF1-4785-4D8E-93D5-4DF8249FBD90}.Release|Any CPU.Build.0 = Release|Any CPU
		{B69D7AC2-4DF5-44EE-BB28-F51CFEB7EC3D}.Debug|Any CPU.ActiveCfg = Debug|Any CPU
		{B69D7AC2-4DF5-44EE-BB28-F51CFEB7EC3D}.Debug|Any CPU.Build.0 = Debug|Any CPU
		{B69D7AC2-4DF5-44EE-BB28-F51CFEB7EC3D}.Release|Any CPU.ActiveCfg = Release|Any CPU
		{B69D7AC2-4DF5-44EE-BB28-F51CFEB7EC3D}.Release|Any CPU.Build.0 = Release|Any CPU
	EndGlobalSection
EndGlobal
